comments:
- author: Jürgen
  email: inventorfaq@googlemail.com
  ip: 46.237.192.142
  url: http://inventorfaq.blogspot.de/
  date: '2014-11-03 07:47:29'
  body: 'I just want to say a big *Thank you* to you and your colleagues for the excellent
    posts! Without them my Inventor Toolbox would not exist!


    <a href="https://docs.google.com/document/d/1qJ5ns8pj9hOUp_SQnupx8S4Q2Crjl5p6ioEWMl0Nq68/pub">https://docs.google.com/document/d/1qJ5ns8pj9hOUp_SQnupx8S4Q2Crjl5p6ioEWMl0Nq68/pub</a>


    Jürgen'
- author: Jürgen
  email: inventorfaq@googlemail.com
  ip: 46.237.192.142
  url: http://inventorfaq.blogspot.de/
  date: '2014-11-04 02:04:14'
  body: "Modification to edit the active Title Block\n[...]\n  Dim skName As String\n\
    \  skName = s.TitleBlock.Name\n  \n  Dim tbd As TitleBlockDefinition\n  Set tbd\
    \ = dwg.TitleBlockDefinitions(skName)\n[...]"
- author: Adam Nagy
  email: ''
  ip: 82.8.8.57
  url: http://profile.typepad.com/1236098880s16462
  date: '2014-11-04 05:21:43'
  body: 'We''re glad you like the blog :)

    And thanks for the code update.

    -----'
