comments:
- author: Luc
  email: luc.vallot@edit-o.com
  ip: 90.15.171.9
  url: ''
  date: '2014-03-24 08:02:28'
  body: 'Hi Balaji


    I have the same problem , but while DotNet programming and I fail to transcibe
    your solution


    Can you help<me please ?


    regards


    Luc'
- author: Balaji
  email: ''
  ip: 203.202.234.243
  url: http://profile.typepad.com/6p016303198bdc970d
  date: '2014-03-26 22:48:33'
  body: "Hi Luc,\n\nSorry for the delay in getting back to you.\n\nAs I am working\
    \ on a few migration activities ahead of our upcoming AutoCAD release, I will\
    \ need some time to investigate this. \n\nI will update you at the earliest.\n\
    \nRegards,\nBalaji"
- author: Balaji
  email: ''
  ip: 203.202.234.243
  url: http://profile.typepad.com/6p016303198bdc970d
  date: '2014-03-28 05:32:29'
  body: "Hi Luc,\n\nUsing sendstringToExecute and sending \"DIMREGEN: and \"REGEN\"\
    \ commands updates the dimension inside the dynamic block. \n\nSorry, I haven't\
    \ found an elegant way to work around this behavior. We have this behavior logged\
    \ with our engineering team for this specific behavior with the .Net API.\n\n\
    Regards,\nBalaji"
- author: Luc
  email: luc.vallot@edit-o.com
  ip: 92.137.37.51
  url: ''
  date: '2014-04-02 07:58:52'
  body: 'Hi Balaji,


    work fine


    thanks


    Luc'
- author: Ben
  email: benkoshy@hotmail.com
  ip: 165.228.230.183
  url: ''
  date: '2016-01-30 17:51:59'
  body: 'Hi Balaji - thank you for this note.


    Is it possible to demonstrate this exact thing in .net (c#) - because i''m not
    sure all of us will be able to completely follow it in ObjectArx.


    regards



    Ben'
- author: Fil
  email: donly1@gmail.com
  ip: 79.169.130.62
  url: ''
  date: '2016-05-19 02:04:40'
  body: Hello. Any way of doing this without programming? Just plain commands? Thanks
- author: shirish
  email: shirish.ingale@paramcs.com
  ip: 116.75.137.47
  url: ''
  date: '2019-10-18 04:18:29'
  body: 'Thanks!

    -----'
