comments:
- author: Matt Murphy
  email: info@3DCADMax.com
  ip: 86.188.194.42
  url: http://www.3DCADMax.com
  date: '2012-06-15 04:17:14'
  body: "How do you get in an objectID collection the objectID of each unique block\
    \ in modelspace? This is only blocks (i.e. not layouts etc). \nThanks"
- author: Virupaksha Aithal
  email: ''
  ip: 115.112.233.72
  url: http://profile.typepad.com/6p0168e8800efa970c
  date: '2012-06-18 01:43:46'
  body: "Thanks for the comment.\n\nI think best is to use the editor.SelectAll()\
    \ API, as shown in blog <a href=\"http://adndevblog.typepad.com/autocad/2012/06/counting-number-of-unique-blocks-used-in-modelspace.html\"\
    >http://adndevblog.typepad.com/autocad/2012/06/counting-number-of-unique-blocks-used-in-modelspace.html</a>\n\
    \nThanks\nViru \n\n-----"
