comments:
- author: Alexander Rivilis
  email: ''
  ip: 91.142.169.212
  url: http://profile.typepad.com/rivilis1964
  date: '2013-03-04 05:52:21'
  body: Am I right that in native ObjectARX no public class corresponding BlockPropertiesTable
    in AutoCAD .NET API? I found AcDbBlockPropertiesTable in acdbXX.lib but found
    none of the corresponding .h-files.
- author: Augusto Goncalves
  email: ''
  ip: 8.19.13.71
  url: http://profile.typepad.com/6p0168e7e7c9dd970c
  date: '2013-03-05 09:26:36'
  body: 'Hi Alexander,


    Indeed this is not exposed on the ARX SDK headers, although defined on the acdbXX.dll


    Have you considered call the .NET version from C++?


    Regards,

    Augusto Goncalves'
- author: Alexander Rivilis
  email: ''
  ip: 81.95.185.60
  url: http://profile.typepad.com/rivilis1964
  date: '2013-03-05 12:24:54'
  body: Hi, Augusto! Do you mean call from mixed/managed C++? OK. It is possible.
    While I prefer "pure" ObjectARX. Calling from native ObjectARX have to be wish-listed!
    :-)
- author: Augusto Goncalves
  email: ''
  ip: 8.19.13.71
  url: http://profile.typepad.com/6p0168e7e7c9dd970c
  date: '2013-03-05 12:26:53'
  body: Already added, thanks for spotting it.
- author: Jürgen
  email: Juergen.Becker@CAD-Becker.de
  ip: 79.239.117.125
  url: http://www.CAD-Becker.de
  date: '2013-09-29 03:05:16'
  body: 'Hi,


    is it possible to get the geometry data of a parameter from a dynamic block? For
    instance the x and the y-value.


    Regards Jürgen'
- author: Augusto Goncalves
  email: ''
  ip: 177.84.160.215
  url: http://profile.typepad.com/6p0168e7e7c9dd970c
  date: '2013-10-02 13:40:39'
  body: 'Jürgen,


    Are you referring to dynamic block parameters? If so, there are some posts about
    it at this blog...


    Regards,

    Augusto Goncalves'
- author: Eric
  email: eric.paul@ketiv.com
  ip: 24.22.74.214
  url: ''
  date: '2020-01-10 11:09:58'
  body: Is this still available in 2018? Works fine for me in 2016 but when I try
    to use it in 2018 I get a "Method not found" error referencing EvalGraph.GetNode.
- author: Eric
  email: eric.paul@ketiv.com
  ip: 24.22.74.214
  url: ''
  date: '2020-01-10 14:58:07'
  body: Nevermind, issue was on my end. This continues to work in 2018.
- author: Peter Elliott
  email: pelliott@dollargeneral.com
  ip: 68.111.113.155
  url: ''
  date: '2021-03-04 13:33:29'
  body: How to get the name of the table columns?
- author: Peter Elliott
  email: pelliott@dollargeneral.com
  ip: 68.111.113.155
  url: ''
  date: '2021-04-07 06:24:47'
  body: Figured it out - Column.Parameter.Name
- author: اِحسان بَحرانی
  email: ehsan.bahrani@gmail.com
  ip: 151.239.81.237
  url: ''
  date: '2022-06-06 03:35:46'
  body: 'hi there!

    would you explain how do you get rid of this error? plz.


    -----'
