comments:
- author: Dan
  email: daniel@cadext.com
  ip: 116.86.59.103
  url: https://github.com/CEXT-Dan/PyRx
  date: '2025-02-19 02:15:05'
  body: 'how is this different than using AcDbDynBlockTableRecord?

    Thanks'
- author: Madhukar Moogala
  email: ''
  ip: 134.238.240.57
  url: https://profile.typepad.com/madhukarmoogala
  date: '2025-02-19 07:59:33'
  body: 'It is just another way to get a DynamicBlock for a given anonymous block,
    if it exists, probably more efficiently.


    May be you can do a benchmark test ;)'
- author: Dan
  email: daniel@cadext.com
  ip: 116.86.59.103
  url: https://github.com/CEXT-Dan/PyRx
  date: '2025-02-20 05:02:50'
  body: 'Thanks, I was just wondering, I''m all for multiple ways of doing things
    :)


    -----'
